
Microsoft Visual Studio Solution File, Format Version 12.00
# Visual Studio Version 17
VisualStudioVersion = 17.14.36221.1 d17.14
MinimumVisualStudioVersion = 10.0.40219.1
Project("{FAE04EC0-301F-11D3-BF4B-00C04F79EFBC}") = "TX1_1", "TX1_1\TX1_1.csproj", "{4824A280-4224-48B0-B52C-78F0A908038E}"
EndProject
Global
	GlobalSection(SolutionConfigurationPlatforms) = preSolution
		Debug|Any CPU = Debug|Any CPU
		Release|Any CPU = Release|Any CPU
	EndGlobalSection
	GlobalSection(ProjectConfigurationPlatforms) = postSolution
		{4824A280-4224-48B0-B52C-78F0A908038E}.Debug|Any CPU.ActiveCfg = Debug|Any CPU
		{4824A280-4224-48B0-B52C-78F0A908038E}.Debug|Any CPU.Build.0 = Debug|Any CPU
		{4824A280-4224-48B0-B52C-78F0A908038E}.Release|Any CPU.ActiveCfg = Release|Any CPU
		{4824A280-4224-48B0-B52C-78F0A908038E}.Release|Any CPU.Build.0 = Release|Any CPU
	EndGlobalSection
	GlobalSection(SolutionProperties) = preSolution
		HideSolutionNode = FALSE
	EndGlobalSection
	GlobalSection(ExtensibilityGlobals) = postSolution
		SolutionGuid = {6A98298F-4B20-46F7-8156-B41C0C541552}
	EndGlobalSection
EndGlobal
